
Microsoft Visual Studio Solution File, Format Version 12.00
# Visual Studio 15
VisualStudioVersion = 15.0.28307.1209
MinimumVisualStudioVersion = 10.0.40219.1
Project("{FAE04EC0-301F-11D3-BF4B-00C04F79EFBC}") = "WindowsFormsApp1", "WindowsFormsApp1\WindowsFormsApp1.csproj", "{0D983E1F-5D05-421A-859D-A118DE06CEF5}"
EndProject
Global
	GlobalSection(SolutionConfigurationPlatforms) = preSolution
		Debug|Any CPU = Debug|Any CPU
		Release|Any CPU = Release|Any CPU
	EndGlobalSection
	GlobalSection(ProjectConfigurationPlatforms) = postSolution
		{0D983E1F-5D05-421A-859D-A118DE06CEF5}.Debug|Any CPU.ActiveCfg = Debug|Any CPU
		{0D983E1F-5D05-421A-859D-A118DE06CEF5}.Debug|Any CPU.Build.0 = Debug|Any CPU
		{0D983E1F-5D05-421A-859D-A118DE06CEF5}.Release|Any CPU.ActiveCfg = Release|Any CPU
		{0D983E1F-5D05-421A-859D-A118DE06CEF5}.Release|Any CPU.Build.0 = Release|Any CPU
	EndGlobalSection
	GlobalSection(SolutionProperties) = preSolution
		HideSolutionNode = FALSE
	EndGlobalSection
	GlobalSection(ExtensibilityGlobals) = postSolution
		SolutionGuid = {2373BCD7-F601-4F5C-8DAA-67EF2C23DAD7}
	EndGlobalSection
EndGlobal
